schema: '2.0'
stages:
  data_ingestion:
    cmd: python src/data_ingestion.py
    deps:
    - path: src/data_ingestion.py
      hash: md5
      md5: 73e81ba226eb4c70e64e0a8b57ce4669
      size: 4071
    outs:
    - path: logs/data_ingestion.log
      hash: md5
      md5: bb3fb9b2377c498d1459dc493e84de30
      size: 340
  feature_engineering:
    cmd: python src/feature_preprocessing_engineering.py
    deps:
    - path: src/data_ingestion.py
      hash: md5
      md5: 73e81ba226eb4c70e64e0a8b57ce4669
      size: 4071
    - path: src/feature_preprocessing_engineering.py
      hash: md5
      md5: 01d37da52459598977f9b1b28cfc48a0
      size: 4787
    outs:
    - path: logs/feature_preprocessing_engineering.log
      hash: md5
      md5: b78df338a9943c65f9e062f3c209041a
      size: 1185
  model_training:
    cmd: python src/model_building_evaluation.py
    deps:
    - path: params.yaml
      hash: md5
      md5: 0eb809fe193e87e198c87d3cb26f92e1
      size: 546
    - path: src/feature_preprocessing_engineering.py
      hash: md5
      md5: 01d37da52459598977f9b1b28cfc48a0
      size: 4787
    - path: src/model_building_evaluation.py
      hash: md5
      md5: bdfb7a8cff6dd2b739a1fddb90fd7718
      size: 7531
    outs:
    - path: model_metrics/best_model.pkl
      hash: md5
      md5: 9b02f0ab8d4326e361e8b711cb8c31d3
      size: 11620481
    - path: model_metrics/model_eval_metrics.json
      hash: md5
      md5: c67698d6ecde91e68a08f3608a6cd313
      size: 493
